
Microsoft Visual Studio Solution File, Format Version 12.00
# Visual Studio Version 16
VisualStudioVersion = 16.0.31205.134
MinimumVisualStudioVersion = 10.0.40219.1
Project("{9A19103F-16F7-4668-BE54-9A1E7A4F7556}") = "Data", "DataLayer\Data.csproj", "{44CE2428-92F8-4585-AF06-6BE8A79F4DDA}"
EndProject
Project("{9A19103F-16F7-4668-BE54-9A1E7A4F7556}") = "Repository", "Repository\Repository.csproj", "{B87AA2EA-D37F-4F73-9BAE-A67FEE864517}"
EndProject
Project("{9A19103F-16F7-4668-BE54-9A1E7A4F7556}") = "WebApplication", "WebApplication\WebApplication.csproj", "{AFBA80F4-A3FC-4F18-A7AE-65531E7BAF5C}"
EndProject
Global
	GlobalSection(SolutionConfigurationPlatforms) = preSolution
		Debug|Any CPU = Debug|Any CPU
		Release|Any CPU = Release|Any CPU
	EndGlobalSection
	GlobalSection(ProjectConfigurationPlatforms) = postSolution
		{44CE2428-92F8-4585-AF06-6BE8A79F4DDA}.Debug|Any CPU.ActiveCfg = Debug|Any CPU
		{44CE2428-92F8-4585-AF06-6BE8A79F4DDA}.Debug|Any CPU.Build.0 = Debug|Any CPU
		{44CE2428-92F8-4585-AF06-6BE8A79F4DDA}.Release|Any CPU.ActiveCfg = Release|Any CPU
		{44CE2428-92F8-4585-AF06-6BE8A79F4DDA}.Release|Any CPU.Build.0 = Release|Any CPU
		{B87AA2EA-D37F-4F73-9BAE-A67FEE864517}.Debug|Any CPU.ActiveCfg = Debug|Any CPU
		{B87AA2EA-D37F-4F73-9BAE-A67FEE864517}.Debug|Any CPU.Build.0 = Debug|Any CPU
		{B87AA2EA-D37F-4F73-9BAE-A67FEE864517}.Release|Any CPU.ActiveCfg = Release|Any CPU
		{B87AA2EA-D37F-4F73-9BAE-A67FEE864517}.Release|Any CPU.Build.0 = Release|Any CPU
		{AFBA80F4-A3FC-4F18-A7AE-65531E7BAF5C}.Debug|Any CPU.ActiveCfg = Debug|Any CPU
		{AFBA80F4-A3FC-4F18-A7AE-65531E7BAF5C}.Debug|Any CPU.Build.0 = Debug|Any CPU
		{AFBA80F4-A3FC-4F18-A7AE-65531E7BAF5C}.Release|Any CPU.ActiveCfg = Release|Any CPU
		{AFBA80F4-A3FC-4F18-A7AE-65531E7BAF5C}.Release|Any CPU.Build.0 = Release|Any CPU
	EndGlobalSection
	GlobalSection(SolutionProperties) = preSolution
		HideSolutionNode = FALSE
	EndGlobalSection
	GlobalSection(ExtensibilityGlobals) = postSolution
		SolutionGuid = {7C063328-C62F-49B3-8DE1-A1413E2F6B96}
	EndGlobalSection
EndGlobal
